// !$*UTF8*$!
{
	archiveVersion = 1;
	classes = {
	};
	objectVersion = 56;
	objects = {

/* Begin PBXBuildFile section */
		85F8F1272AE25904000E038A /* MapTestingApp.swift in Sources */ = {isa = PBXBuildFile; fileRef = 85F8F1262AE25904000E038A /* MapTestingApp.swift */; };
		85F8F1292AE25904000E038A /* ContentView.swift in Sources */ = {isa = PBXBuildFile; fileRef = 85F8F1282AE25904000E038A /* ContentView.swift */; };
		85F8F12B2AE25906000E038A /* Assets.xcassets in Resources */ = {isa = PBXBuildFile; fileRef = 85F8F12A2AE25906000E038A /* Assets.xcassets */; };
		85F8F12F2AE25906000E038A /* Preview Assets.xcassets in Resources */ = {isa = PBXBuildFile; fileRef = 85F8F12E2AE25906000E038A /* Preview Assets.xcassets */; };
		85F8F1392AE25906000E038A /* MapTestingTests.swift in Sources */ = {isa = PBXBuildFile; fileRef = 85F8F1382AE25906000E038A /* MapTestingTests.swift */; };
		85F8F1432AE25906000E038A /* MapTestingUITests.swift in Sources */ = {isa = PBXBuildFile; fileRef = 85F8F1422AE25906000E038A /* MapTestingUITests.swift */; };
		85F8F1452AE25906000E038A /* MapTestingUITestsLaunchTests.swift in Sources */ = {isa = PBXBuildFile; fileRef = 85F8F1442AE25906000E038A /* MapTestingUITestsLaunchTests.swift */; };
/* End PBXBuildFile section */

/* Begin PBXContainerItemProxy section */
		85F8F1352AE25906000E038A /* PBXContainerItemProxy */ = {
			isa = PBXContainerItemProxy;
			containerPortal = 85F8F11B2AE25904000E038A /* Project object */;
			proxyType = 1;
			remoteGlobalIDString = 85F8F1222AE25904000E038A;
			remoteInfo = MapTesting;
		};
		85F8F13F2AE25906000E038A /* PBXContainerItemProxy */ = {
			isa = PBXContainerItemProxy;
			containerPortal = 85F8F11B2AE25904000E038A /* Project object */;
			proxyType = 1;
			remoteGlobalIDString = 85F8F1222AE25904000E038A;
			remoteInfo = MapTesting;
		};
/* End PBXContainerItemProxy section */

/* Begin PBXFileReference section */
		85F8F1232AE25904000E038A /* MapTesting.app */ = {isa = PBXFileReference; explicitFileType = wrapper.application; includeInIndex = 0; path = MapTesting.app; sourceTree = BUILT_PRODUCTS_DIR; };
		85F8F1262AE25904000E038A /* MapTestingApp.swift */ = {isa = PBXFileReference; lastKnownFileType = sourcecode.swift; path = MapTestingApp.swift; sourceTree = "<group>"; };
		85F8F1282AE25904000E038A /* ContentView.swift */ = {isa = PBXFileReference; lastKnownFileType = sourcecode.swift; path = ContentView.swift; sourceTree = "<group>"; };
		85F8F12A2AE25906000E038A /* Assets.xcassets */ = {isa = PBXFileReference; lastKnownFileType = folder.assetcatalog; path = Assets.xcassets; sourceTree = "<group>"; };
		85F8F12C2AE25906000E038A /* MapTesting.entitlements */ = {isa = PBXFileReference; lastKnownFileType = text.plist.entitlements; path = MapTesting.entitlements; sourceTree = "<group>"; };
		85F8F12E2AE25906000E038A /* Preview Assets.xcassets */ = {isa = PBXFileReference; lastKnownFileType = folder.assetcatalog; path = "Preview Assets.xcassets"; sourceTree = "<group>"; };
		85F8F1342AE25906000E038A /* MapTestingTests.xctest */ = {isa = PBXFileReference; explicitFileType = wrapper.cfbundle; includeInIndex = 0; path = MapTestingTests.xctest; sourceTree = BUILT_PRODUCTS_DIR; };
		85F8F1382AE25906000E038A /* MapTestingTests.swift */ = {isa = PBXFileReference; lastKnownFileType = sourcecode.swift; path = MapTestingTests.swift; sourceTree = "<group>"; };
		85F8F13E2AE25906000E038A /* MapTestingUITests.xctest */ = {isa = PBXFileReference; explicitFileType = wrapper.cfbundle; includeInIndex = 0; path = MapTestingUITests.xctest; sourceTree = BUILT_PRODUCTS_DIR; };
		85F8F1422AE25906000E038A /* MapTestingUITests.swift */ = {isa = PBXFileReference; lastKnownFileType = sourcecode.swift; path = MapTestingUITests.swift; sourceTree = "<group>"; };
		85F8F1442AE25906000E038A /* MapTestingUITestsLaunchTests.swift */ = {isa = PBXFileReference; lastKnownFileType = sourcecode.swift; path = MapTestingUITestsLaunchTests.swift; sourceTree = "<group>"; };
/* End PBXFileReference section */

/* Begin PBXFrameworksBuildPhase section */
		85F8F1202AE25904000E038A /* Frameworks */ = {
			isa = PBXFrameworksBuildPhase;
			buildActionMask = 2147483647;
			files = (
			);
			runOnlyForDeploymentPostprocessing = 0;
		};
		85F8F1312AE25906000E038A /* Frameworks */ = {
			isa = PBXFrameworksBuildPhase;
			buildActionMask = 2147483647;
			files = (
			);
			runOnlyForDeploymentPostprocessing = 0;
		};
		85F8F13B2AE25906000E038A /* Frameworks */ = {
			isa = PBXFrameworksBuildPhase;
			buildActionMask = 2147483647;
			files = (
			);
			runOnlyForDeploymentPostprocessing = 0;
		};
/* End PBXFrameworksBuildPhase section */

/* Begin PBXGroup section */
		85F8F11A2AE25904000E038A = {
			isa = PBXGroup;
			children = (
				85F8F1252AE25904000E038A /* MapTesting */,
				85F8F1372AE25906000E038A /* MapTestingTests */,
				85F8F1412AE25906000E038A /* MapTestingUITests */,
				85F8F1242AE25904000E038A /* Products */,
			);
			sourceTree = "<group>";
		};
		85F8F1242AE25904000E038A /* Products */ = {
			isa = PBXGroup;
			children = (
				85F8F1232AE25904000E038A /* MapTesting.app */,
				85F8F1342AE25906000E038A /* MapTestingTests.xctest */,
				85F8F13E2AE25906000E038A /* MapTestingUITests.xctest */,
			);
			name = Products;
			sourceTree = "<group>";
		};
		85F8F1252AE25904000E038A /* MapTesting */ = {
			isa = PBXGroup;
			children = (
				85F8F1262AE25904000E038A /* MapTestingApp.swift */,
				85F8F1282AE25904000E038A /* ContentView.swift */,
				85F8F12A2AE25906000E038A /* Assets.xcassets */,
				85F8F12C2AE25906000E038A /* MapTesting.entitlements */,
				85F8F12D2AE25906000E038A /* Preview Content */,
			);
			path = MapTesting;
			sourceTree = "<group>";
		};
		85F8F12D2AE25906000E038A /* Preview Content */ = {
			isa = PBXGroup;
			children = (
				85F8F12E2AE25906000E038A /* Preview Assets.xcassets */,
			);
			path = "Preview Content";
			sourceTree = "<group>";
		};
		85F8F1372AE25906000E038A /* MapTestingTests */ = {
			isa = PBXGroup;
			children = (
				85F8F1382AE25906000E038A /* MapTestingTests.swift */,
			);
			path = MapTestingTests;
			sourceTree = "<group>";
		};
		85F8F1412AE25906000E038A /* MapTestingUITests */ = {
			isa = PBXGroup;
			children = (
				85F8F1422AE25906000E038A /* MapTestingUITests.swift */,
				85F8F1442AE25906000E038A /* MapTestingUITestsLaunchTests.swift */,
			);
			path = MapTestingUITests;
			sourceTree = "<group>";
		};
/* End PBXGroup section */

/* Begin PBXNativeTarget section */
		85F8F1222AE25904000E038A /* MapTesting */ = {
			isa = PBXNativeTarget;
			buildConfigurationList = 85F8F1482AE25906000E038A /* Build configuration list for PBXNativeTarget "MapTesting" */;
			buildPhases = (
				85F8F11F2AE25904000E038A /* Sources */,
				85F8F1202AE25904000E038A /* Frameworks */,
				85F8F1212AE25904000E038A /* Resources */,
			);
			buildRules = (
			);
			dependencies = (
			);
			name = MapTesting;
			productName = MapTesting;
			productReference = 85F8F1232AE25904000E038A /* MapTesting.app */;
			productType = "com.apple.product-type.application";
		};
		85F8F1332AE25906000E038A /* MapTestingTests */ = {
			isa = PBXNativeTarget;
			buildConfigurationList = 85F8F14B2AE25906000E038A /* Build configuration list for PBXNativeTarget "MapTestingTests" */;
			buildPhases = (
				85F8F1302AE25906000E038A /* Sources */,
				85F8F1312AE25906000E038A /* Frameworks */,
				85F8F1322AE25906000E038A /* Resources */,
			);
			buildRules = (
			);
			dependencies = (
				85F8F1362AE25906000E038A /* PBXTargetDependency */,
			);
			name = MapTestingTests;
			productName = MapTestingTests;
			productReference = 85F8F1342AE25906000E038A /* MapTestingTests.xctest */;
			productType = "com.apple.product-type.bundle.unit-test";
		};
		85F8F13D2AE25906000E038A /* MapTestingUITests */ = {
			isa = PBXNativeTarget;
			buildConfigurationList = 85F8F14E2AE25906000E038A /* Build configuration list for PBXNativeTarget "MapTestingUITests" */;
			buildPhases = (
				85F8F13A2AE25906000E038A /* Sources */,
				85F8F13B2AE25906000E038A /* Frameworks */,
				85F8F13C2AE25906000E038A /* Resources */,
			);
			buildRules = (
			);
			dependencies = (
				85F8F1402AE25906000E038A /* PBXTargetDependency */,
			);
			name = MapTestingUITests;
			productName = MapTestingUITests;
			productReference = 85F8F13E2AE25906000E038A /* MapTestingUITests.xctest */;
			productType = "com.apple.product-type.bundle.ui-testing";
		};
/* End PBXNativeTarget section */

/* Begin PBXProject section */
		85F8F11B2AE25904000E038A /* Project object */ = {
			isa = PBXProject;
			attributes = {
				BuildIndependentTargetsInParallel = 1;
				LastSwiftUpdateCheck = 1500;
				LastUpgradeCheck = 1500;
				TargetAttributes = {
					85F8F1222AE25904000E038A = {
						CreatedOnToolsVersion = 15.0;
					};
					85F8F1332AE25906000E038A = {
						CreatedOnToolsVersion = 15.0;
						TestTargetID = 85F8F1222AE25904000E038A;
					};
					85F8F13D2AE25906000E038A = {
						CreatedOnToolsVersion = 15.0;
						TestTargetID = 85F8F1222AE25904000E038A;
					};
				};
			};
			buildConfigurationList = 85F8F11E2AE25904000E038A /* Build configuration list for PBXProject "MapTesting" */;
			compatibilityVersion = "Xcode 14.0";
			developmentRegion = en;
			hasScannedForEncodings = 0;
			knownRegions = (
				en,
				Base,
			);
			mainGroup = 85F8F11A2AE25904000E038A;
			productRefGroup = 85F8F1242AE25904000E038A /* Products */;
			projectDirPath = "";
			projectRoot = "";
			targets = (
				85F8F1222AE25904000E038A /* MapTesting */,
				85F8F1332AE25906000E038A /* MapTestingTests */,
				85F8F13D2AE25906000E038A /* MapTestingUITests */,
			);
		};
/* End PBXProject section */

/* Begin PBXResourcesBuildPhase section */
		85F8F1212AE25904000E038A /* Resources */ = {
			isa = PBXResourcesBuildPhase;
			buildActionMask = 2147483647;
			files = (
				85F8F12F2AE25906000E038A /* Preview Assets.xcassets in Resources */,
				85F8F12B2AE25906000E038A /* Assets.xcassets in Resources */,
			);
			runOnlyForDeploymentPostprocessing = 0;
		};
		85F8F1322AE25906000E038A /* Resources */ = {
			isa = PBXResourcesBuildPhase;
			buildActionMask = 2147483647;
			files = (
			);
			runOnlyForDeploymentPostprocessing = 0;
		};
		85F8F13C2AE25906000E038A /* Resources */ = {
			isa = PBXResourcesBuildPhase;
			buildActionMask = 2147483647;
			files = (
			);
			runOnlyForDeploymentPostprocessing = 0;
		};
/* End PBXResourcesBuildPhase section */

/* Begin PBXSourcesBuildPhase section */
		85F8F11F2AE25904000E038A /* Sources */ = {
			isa = PBXSourcesBuildPhase;
			buildActionMask = 2147483647;
			files = (
				85F8F1292AE25904000E038A /* ContentView.swift in Sources */,
				85F8F1272AE25904000E038A /* MapTestingApp.swift in Sources */,
			);
			runOnlyForDeploymentPostprocessing = 0;
		};
		85F8F1302AE25906000E038A /* Sources */ = {
			isa = PBXSourcesBuildPhase;
			buildActionMask = 2147483647;
			files = (
				85F8F1392AE25906000E038A /* MapTestingTests.swift in Sources */,
			);
			runOnlyForDeploymentPostprocessing = 0;
		};
		85F8F13A2AE25906000E038A /* Sources */ = {
			isa = PBXSourcesBuildPhase;
			buildActionMask = 2147483647;
			files = (
				85F8F1452AE25906000E038A /* MapTestingUITestsLaunchTests.swift in Sources */,
				85F8F1432AE25906000E038A /* MapTestingUITests.swift in Sources */,
			);
			runOnlyForDeploymentPostprocessing = 0;
		};
/* End PBXSourcesBuildPhase section */

/* Begin PBXTargetDependency section */
		85F8F1362AE25906000E038A /* PBXTargetDependency */ = {
			isa = PBXTargetDependency;
			target = 85F8F1222AE25904000E038A /* MapTesting */;
			targetProxy = 85F8F1352AE25906000E038A /* PBXContainerItemProxy */;
		};
		85F8F1402AE25906000E038A /* PBXTargetDependency */ = {
			isa = PBXTargetDependency;
			target = 85F8F1222AE25904000E038A /* MapTesting */;
			targetProxy = 85F8F13F2AE25906000E038A /* PBXContainerItemProxy */;
		};
/* End PBXTargetDependency section */

/* Begin XCBuildConfiguration section */
		85F8F1462AE25906000E038A /* Debug */ = {
			isa = XCBuildConfiguration;
			buildSettings = {
				ALWAYS_SEARCH_USER_PATHS = NO;
				ASSETCATALOG_COMPILER_GENERATE_SWIFT_ASSET_SYMBOL_EXTENSIONS = YES;
				CLANG_ANALYZER_NONNULL = YES;
				CLANG_ANALYZER_NUMBER_OBJECT_CONVERSION = YES_AGGRESSIVE;
				CLANG_CXX_LANGUAGE_STANDARD = "gnu++20";
				CLANG_ENABLE_MODULES = YES;
				CLANG_ENABLE_OBJC_ARC = YES;
				CLANG_ENABLE_OBJC_WEAK = YES;
				CLANG_WARN_BLOCK_CAPTURE_AUTORELEASING = YES;
				CLANG_WARN_BOOL_CONVERSION = YES;
				CLANG_WARN_COMMA = YES;
				CLANG_WARN_CONSTANT_CONVERSION = YES;
				CLANG_WARN_DEPRECATED_OBJC_IMPLEMENTATIONS = YES;
				CLANG_WARN_DIRECT_OBJC_ISA_USAGE = YES_ERROR;
				CLANG_WARN_DOCUMENTATION_COMMENTS = YES;
				CLANG_WARN_EMPTY_BODY = YES;
				CLANG_WARN_ENUM_CONVERSION = YES;
				CLANG_WARN_INFINITE_RECURSION = YES;
				CLANG_WARN_INT_CONVERSION = YES;
				CLANG_WARN_NON_LITERAL_NULL_CONVERSION = YES;
				CLANG_WARN_OBJC_IMPLICIT_RETAIN_SELF = YES;
				CLANG_WARN_OBJC_LITERAL_CONVERSION = YES;
				CLANG_WARN_OBJC_ROOT_CLASS = YES_ERROR;
				CLANG_WARN_QUOTED_INCLUDE_IN_FRAMEWORK_HEADER = YES;
				CLANG_WARN_RANGE_LOOP_ANALYSIS = YES;
				CLANG_WARN_STRICT_PROTOTYPES = YES;
				CLANG_WARN_SUSPICIOUS_MOVE = YES;
				CLANG_WARN_UNGUARDED_AVAILABILITY = YES_AGGRESSIVE;
				CLANG_WARN_UNREACHABLE_CODE = YES;
				CLANG_WARN__DUPLICATE_METHOD_MATCH = YES;
				COPY_PHASE_STRIP = NO;
				DEBUG_INFORMATION_FORMAT = dwarf;
				ENABLE_STRICT_OBJC_MSGSEND = YES;
				ENABLE_TESTABILITY = YES;
				ENABLE_USER_SCRIPT_SANDBOXING = YES;
				GCC_C_LANGUAGE_STANDARD = gnu17;
				GCC_DYNAMIC_NO_PIC = NO;
				GCC_NO_COMMON_BLOCKS = YES;
				GCC_OPTIMIZATION_LEVEL = 0;
				GCC_PREPROCESSOR_DEFINITIONS = (
					"DEBUG=1",
					"$(inherited)",
				);
				GCC_WARN_64_TO_32_BIT_CONVERSION = YES;
				GCC_WARN_ABOUT_RETURN_TYPE = YES_ERROR;
				GCC_WARN_UNDECLARED_SELECTOR = YES;
				GCC_WARN_UNINITIALIZED_AUTOS = YES_AGGRESSIVE;
				GCC_WARN_UNUSED_FUNCTION = YES;
				GCC_WARN_UNUSED_VARIABLE = YES;
				LOCALIZATION_PREFERS_STRING_CATALOGS = YES;
				MTL_ENABLE_DEBUG_INFO = INCLUDE_SOURCE;
				MTL_FAST_MATH = YES;
				ONLY_ACTIVE_ARCH = YES;
				SWIFT_ACTIVE_COMPILATION_CONDITIONS = "DEBUG $(inherited)";
				SWIFT_OPTIMIZATION_LEVEL = "-Onone";
			};
			name = Debug;
		};
		85F8F1472AE25906000E038A /* Release */ = {
			isa = XCBuildConfiguration;
			buildSettings = {
				ALWAYS_SEARCH_USER_PATHS = NO;
				ASSETCATALOG_COMPILER_GENERATE_SWIFT_ASSET_SYMBOL_EXTENSIONS = YES;
				CLANG_ANALYZER_NONNULL = YES;
				CLANG_ANALYZER_NUMBER_OBJECT_CONVERSION = YES_AGGRESSIVE;
				CLANG_CXX_LANGUAGE_STANDARD = "gnu++20";
				CLANG_ENABLE_MODULES = YES;
				CLANG_ENABLE_OBJC_ARC = YES;
				CLANG_ENABLE_OBJC_WEAK = YES;
				CLANG_WARN_BLOCK_CAPTURE_AUTORELEASING = YES;
				CLANG_WARN_BOOL_CONVERSION = YES;
				CLANG_WARN_COMMA = YES;
				CLANG_WARN_CONSTANT_CONVERSION = YES;
				CLANG_WARN_DEPRECATED_OBJC_IMPLEMENTATIONS = YES;
				CLANG_WARN_DIRECT_OBJC_ISA_USAGE = YES_ERROR;
				CLANG_WARN_DOCUMENTATION_COMMENTS = YES;
				CLANG_WARN_EMPTY_BODY = YES;
				CLANG_WARN_ENUM_CONVERSION = YES;
				CLANG_WARN_INFINITE_RECURSION = YES;
				CLANG_WARN_INT_CONVERSION = YES;
				CLANG_WARN_NON_LITERAL_NULL_CONVERSION = YES;
				CLANG_WARN_OBJC_IMPLICIT_RETAIN_SELF = YES;
				CLANG_WARN_OBJC_LITERAL_CONVERSION = YES;
				CLANG_WARN_OBJC_ROOT_CLASS = YES_ERROR;
				CLANG_WARN_QUOTED_INCLUDE_IN_FRAMEWORK_HEADER = YES;
				CLANG_WARN_RANGE_LOOP_ANALYSIS = YES;
				CLANG_WARN_STRICT_PROTOTYPES = YES;
				CLANG_WARN_SUSPICIOUS_MOVE = YES;
				CLANG_WARN_UNGUARDED_AVAILABILITY = YES_AGGRESSIVE;
				CLANG_WARN_UNREACHABLE_CODE = YES;
				CLANG_WARN__DUPLICATE_METHOD_MATCH = YES;
				COPY_PHASE_STRIP = NO;
				DEBUG_INFORMATION_FORMAT = "dwarf-with-dsym";
				ENABLE_NS_ASSERTIONS = NO;
				ENABLE_STRICT_OBJC_MSGSEND = YES;
				ENABLE_USER_SCRIPT_SANDBOXING = YES;
				GCC_C_LANGUAGE_STANDARD = gnu17;
				GCC_NO_COMMON_BLOCKS = YES;
				GCC_WARN_64_TO_32_BIT_CONVERSION = YES;
				GCC_WARN_ABOUT_RETURN_TYPE = YES_ERROR;
				GCC_WARN_UNDECLARED_SELECTOR = YES;
				GCC_WARN_UNINITIALIZED_AUTOS = YES_AGGRESSIVE;
				GCC_WARN_UNUSED_FUNCTION = YES;
				GCC_WARN_UNUSED_VARIABLE = YES;
				LOCALIZATION_PREFERS_STRING_CATALOGS = YES;
				MTL_ENABLE_DEBUG_INFO = NO;
				MTL_FAST_MATH = YES;
				SWIFT_COMPILATION_MODE = wholemodule;
			};
			name = Release;
		};
		85F8F1492AE25906000E038A /* Debug */ = {
			isa = XCBuildConfiguration;
			buildSettings = {
				ASSETCATALOG_COMPILER_APPICON_NAME = AppIcon;
				ASSETCATALOG_COMPILER_GLOBAL_ACCENT_COLOR_NAME = AccentColor;
				CODE_SIGN_ENTITLEMENTS = MapTesting/MapTesting.entitlements;
				CODE_SIGN_STYLE = Automatic;
				CURRENT_PROJECT_VERSION = 1;
				DEVELOPMENT_ASSET_PATHS = "\"MapTesting/Preview Content\"";
				ENABLE_PREVIEWS = YES;
				GENERATE_INFOPLIST_FILE = YES;
				"INFOPLIST_KEY_UIApplicationSceneManifest_Generation[sdk=iphoneos*]" = YES;
				"INFOPLIST_KEY_UIApplicationSceneManifest_Generation[sdk=iphonesimulator*]" = YES;
				"INFOPLIST_KEY_UIApplicationSupportsIndirectInputEvents[sdk=iphoneos*]" = YES;
				"INFOPLIST_KEY_UIApplicationSupportsIndirectInputEvents[sdk=iphonesimulator*]" = YES;
				"INFOPLIST_KEY_UILaunchScreen_Generation[sdk=iphoneos*]" = YES;
				"INFOPLIST_KEY_UILaunchScreen_Generation[sdk=iphonesimulator*]" = YES;
				"INFOPLIST_KEY_UIStatusBarStyle[sdk=iphoneos*]" = UIStatusBarStyleDefault;
				"INFOPLIST_KEY_UIStatusBarStyle[sdk=iphonesimulator*]" = UIStatusBarStyleDefault;
				INFOPLIST_KEY_UISupportedInterfaceOrientations_iPad = "UIInterfaceOrientationPortrait UIInterfaceOrientationPortraitUpsideDown UIInterfaceOrientationLandscapeLeft UIInterfaceOrientationLandscapeRight";
				INFOPLIST_KEY_UISupportedInterfaceOrientations_iPhone = "UIInterfaceOrientationPortrait UIInterfaceOrientationLandscapeLeft UIInterfaceOrientationLandscapeRight";
				IPHONEOS_DEPLOYMENT_TARGET = 17.0;
				LD_RUNPATH_SEARCH_PATHS = "@executable_path/Frameworks";
				"LD_RUNPATH_SEARCH_PATHS[sdk=macosx*]" = "@executable_path/../Frameworks";
				MACOSX_DEPLOYMENT_TARGET = 13.5;
				MARKETING_VERSION = 1.0;
				PRODUCT_BUNDLE_IDENTIFIER = calhacks.MapTesting;
				PRODUCT_NAME = "$(TARGET_NAME)";
				SDKROOT = auto;
				SUPPORTED_PLATFORMS = "iphoneos iphonesimulator macosx";
				SWIFT_EMIT_LOC_STRINGS = YES;
				SWIFT_VERSION = 5.0;
				TARGETED_DEVICE_FAMILY = "1,2";
			};
			name = Debug;
		};
		85F8F14A2AE25906000E038A /* Release */ = {
			isa = XCBuildConfiguration;
			buildSettings = {
				ASSETCATALOG_COMPILER_APPICON_NAME = AppIcon;
				ASSETCATALOG_COMPILER_GLOBAL_ACCENT_COLOR_NAME = AccentColor;
				CODE_SIGN_ENTITLEMENTS = MapTesting/MapTesting.entitlements;
				CODE_SIGN_STYLE = Automatic;
				CURRENT_PROJECT_VERSION = 1;
				DEVELOPMENT_ASSET_PATHS = "\"MapTesting/Preview Content\"";
				ENABLE_PREVIEWS = YES;
				GENERATE_INFOPLIST_FILE = YES;
				"INFOPLIST_KEY_UIApplicationSceneManifest_Generation[sdk=iphoneos*]" = YES;
				"INFOPLIST_KEY_UIApplicationSceneManifest_Generation[sdk=iphonesimulator*]" = YES;
				"INFOPLIST_KEY_UIApplicationSupportsIndirectInputEvents[sdk=iphoneos*]" = YES;
				"INFOPLIST_KEY_UIApplicationSupportsIndirectInputEvents[sdk=iphonesimulator*]" = YES;
				"INFOPLIST_KEY_UILaunchScreen_Generation[sdk=iphoneos*]" = YES;
				"INFOPLIST_KEY_UILaunchScreen_Generation[sdk=iphonesimulator*]" = YES;
				"INFOPLIST_KEY_UIStatusBarStyle[sdk=iphoneos*]" = UIStatusBarStyleDefault;
				"INFOPLIST_KEY_UIStatusBarStyle[sdk=iphonesimulator*]" = UIStatusBarStyleDefault;
				INFOPLIST_KEY_UISupportedInterfaceOrientations_iPad = "UIInterfaceOrientationPortrait UIInterfaceOrientationPortraitUpsideDown UIInterfaceOrientationLandscapeLeft UIInterfaceOrientationLandscapeRight";
				INFOPLIST_KEY_UISupportedInterfaceOrientations_iPhone = "UIInterfaceOrientationPortrait UIInterfaceOrientationLandscapeLeft UIInterfaceOrientationLandscapeRight";
				IPHONEOS_DEPLOYMENT_TARGET = 17.0;
				LD_RUNPATH_SEARCH_PATHS = "@executable_path/Frameworks";
				"LD_RUNPATH_SEARCH_PATHS[sdk=macosx*]" = "@executable_path/../Frameworks";
				MACOSX_DEPLOYMENT_TARGET = 13.5;
				MARKETING_VERSION = 1.0;
				PRODUCT_BUNDLE_IDENTIFIER = calhacks.MapTesting;
				PRODUCT_NAME = "$(TARGET_NAME)";
				SDKROOT = auto;
				SUPPORTED_PLATFORMS = "iphoneos iphonesimulator macosx";
				SWIFT_EMIT_LOC_STRINGS = YES;
				SWIFT_VERSION = 5.0;
				TARGETED_DEVICE_FAMILY = "1,2";
			};
			name = Release;
		};
		85F8F14C2AE25906000E038A /* Debug */ = {
			isa = XCBuildConfiguration;
			buildSettings = {
				ALWAYS_EMBED_SWIFT_STANDARD_LIBRARIES = YES;
				BUNDLE_LOADER = "$(TEST_HOST)";
				CODE_SIGN_STYLE = Automatic;
				CURRENT_PROJECT_VERSION = 1;
				GENERATE_INFOPLIST_FILE = YES;
				IPHONEOS_DEPLOYMENT_TARGET = 17.0;
				MACOSX_DEPLOYMENT_TARGET = 13.5;
				MARKETING_VERSION = 1.0;
				PRODUCT_BUNDLE_IDENTIFIER = calhacks.MapTestingTests;
				PRODUCT_NAME = "$(TARGET_NAME)";
				SDKROOT = auto;
				SUPPORTED_PLATFORMS = "iphoneos iphonesimulator macosx";
				SWIFT_EMIT_LOC_STRINGS = NO;
				SWIFT_VERSION = 5.0;
				TARGETED_DEVICE_FAMILY = "1,2";
				TEST_HOST = "$(BUILT_PRODUCTS_DIR)/MapTesting.app/$(BUNDLE_EXECUTABLE_FOLDER_PATH)/MapTesting";
			};
			name = Debug;
		};
		85F8F14D2AE25906000E038A /* Release */ = {
			isa = XCBuildConfiguration;
			buildSettings = {
				ALWAYS_EMBED_SWIFT_STANDARD_LIBRARIES = YES;
				BUNDLE_LOADER = "$(TEST_HOST)";
				CODE_SIGN_STYLE = Automatic;
				CURRENT_PROJECT_VERSION = 1;
				GENERATE_INFOPLIST_FILE = YES;
				IPHONEOS_DEPLOYMENT_TARGET = 17.0;
				MACOSX_DEPLOYMENT_TARGET = 13.5;
				MARKETING_VERSION = 1.0;
				PRODUCT_BUNDLE_IDENTIFIER = calhacks.MapTestingTests;
				PRODUCT_NAME = "$(TARGET_NAME)";
				SDKROOT = auto;
				SUPPORTED_PLATFORMS = "iphoneos iphonesimulator macosx";
				SWIFT_EMIT_LOC_STRINGS = NO;
				SWIFT_VERSION = 5.0;
				TARGETED_DEVICE_FAMILY = "1,2";
				TEST_HOST = "$(BUILT_PRODUCTS_DIR)/MapTesting.app/$(BUNDLE_EXECUTABLE_FOLDER_PATH)/MapTesting";
			};
			name = Release;
		};
		85F8F14F2AE25906000E038A /* Debug */ = {
			isa = XCBuildConfiguration;
			buildSettings = {
				ALWAYS_EMBED_SWIFT_STANDARD_LIBRARIES = YES;
				CODE_SIGN_STYLE = Automatic;
				CURRENT_PROJECT_VERSION = 1;
				GENERATE_INFOPLIST_FILE = YES;
				IPHONEOS_DEPLOYMENT_TARGET = 17.0;
				MACOSX_DEPLOYMENT_TARGET = 13.5;
				MARKETING_VERSION = 1.0;
				PRODUCT_BUNDLE_IDENTIFIER = calhacks.MapTestingUITests;
				PRODUCT_NAME = "$(TARGET_NAME)";
				SDKROOT = auto;
				SUPPORTED_PLATFORMS = "iphoneos iphonesimulator macosx";
				SWIFT_EMIT_LOC_STRINGS = NO;
				SWIFT_VERSION = 5.0;
				TARGETED_DEVICE_FAMILY = "1,2";
				TEST_TARGET_NAME = MapTesting;
			};
			name = Debug;
		};
		85F8F1502AE25906000E038A /* Release */ = {
			isa = XCBuildConfiguration;
			buildSettings = {
				ALWAYS_EMBED_SWIFT_STANDARD_LIBRARIES = YES;
				CODE_SIGN_STYLE = Automatic;
				CURRENT_PROJECT_VERSION = 1;
				GENERATE_INFOPLIST_FILE = YES;
				IPHONEOS_DEPLOYMENT_TARGET = 17.0;
				MACOSX_DEPLOYMENT_TARGET = 13.5;
				MARKETING_VERSION = 1.0;
				PRODUCT_BUNDLE_IDENTIFIER = calhacks.MapTestingUITests;
				PRODUCT_NAME = "$(TARGET_NAME)";
				SDKROOT = auto;
				SUPPORTED_PLATFORMS = "iphoneos iphonesimulator macosx";
				SWIFT_EMIT_LOC_STRINGS = NO;
				SWIFT_VERSION = 5.0;
				TARGETED_DEVICE_FAMILY = "1,2";
				TEST_TARGET_NAME = MapTesting;
			};
			name = Release;
		};
/* End XCBuildConfiguration section */

/* Begin XCConfigurationList section */
		85F8F11E2AE25904000E038A /* Build configuration list for PBXProject "MapTesting" */ = {
			isa = XCConfigurationList;
			buildConfigurations = (
				85F8F1462AE25906000E038A /* Debug */,
				85F8F1472AE25906000E038A /* Release */,
			);
			defaultConfigurationIsVisible = 0;
			defaultConfigurationName = Release;
		};
		85F8F1482AE25906000E038A /* Build configuration list for PBXNativeTarget "MapTesting" */ = {
			isa = XCConfigurationList;
			buildConfigurations = (
				85F8F1492AE25906000E038A /* Debug */,
				85F8F14A2AE25906000E038A /* Release */,
			);
			defaultConfigurationIsVisible = 0;
			defaultConfigurationName = Release;
		};
		85F8F14B2AE25906000E038A /* Build configuration list for PBXNativeTarget "MapTestingTests" */ = {
			isa = XCConfigurationList;
			buildConfigurations = (
				85F8F14C2AE25906000E038A /* Debug */,
				85F8F14D2AE25906000E038A /* Release */,
			);
			defaultConfigurationIsVisible = 0;
			defaultConfigurationName = Release;
		};
		85F8F14E2AE25906000E038A /* Build configuration list for PBXNativeTarget "MapTestingUITests" */ = {
			isa = XCConfigurationList;
			buildConfigurations = (
				85F8F14F2AE25906000E038A /* Debug */,
				85F8F1502AE25906000E038A /* Release */,
			);
			defaultConfigurationIsVisible = 0;
			defaultConfigurationName = Release;
		};
/* End XCConfigurationList section */
	};
	rootObject = 85F8F11B2AE25904000E038A /* Project object */;
}
